
Microsoft Visual Studio Solution File, Format Version 12.00
# Visual Studio Version 17
VisualStudioVersion = 17.5.33530.505
MinimumVisualStudioVersion = 10.0.40219.1
Project("{9A19103F-16F7-4668-BE54-9A1E7A4F7556}") = "Traversal", "Traversal\Traversal.csproj", "{BCF2DF94-7530-4560-8831-90DB2EA8B845}"
EndProject
Project("{9A19103F-16F7-4668-BE54-9A1E7A4F7556}") = "EntityLayer", "EntityLayer\EntityLayer.csproj", "{59D7D94E-80D8-4E2B-928F-2F7B7D001433}"
EndProject
Project("{9A19103F-16F7-4668-BE54-9A1E7A4F7556}") = "DataAccessLayer", "DataAccessLayer\DataAccessLayer.csproj", "{84894F1B-C062-48D1-A450-0075C3687F71}"
EndProject
Project("{9A19103F-16F7-4668-BE54-9A1E7A4F7556}") = "BusinessLayer", "BusinessLayer\BusinessLayer.csproj", "{487263FA-83D4-4F18-823D-766107EFD5C9}"
EndProject
Project("{FAE04EC0-301F-11D3-BF4B-00C04F79EFBC}") = "DTOLayer", "DTOLayer\DTOLayer.csproj", "{140AF704-6880-4322-9213-4AF6D2F0000E}"
EndProject
Global
	GlobalSection(SolutionConfigurationPlatforms) = preSolution
		Debug|Any CPU = Debug|Any CPU
		Release|Any CPU = Release|Any CPU
	EndGlobalSection
	GlobalSection(ProjectConfigurationPlatforms) = postSolution
		{BCF2DF94-7530-4560-8831-90DB2EA8B845}.Debug|Any CPU.ActiveCfg = Debug|Any CPU
		{BCF2DF94-7530-4560-8831-90DB2EA8B845}.Debug|Any CPU.Build.0 = Debug|Any CPU
		{BCF2DF94-7530-4560-8831-90DB2EA8B845}.Release|Any CPU.ActiveCfg = Release|Any CPU
		{BCF2DF94-7530-4560-8831-90DB2EA8B845}.Release|Any CPU.Build.0 = Release|Any CPU
		{59D7D94E-80D8-4E2B-928F-2F7B7D001433}.Debug|Any CPU.ActiveCfg = Debug|Any CPU
		{59D7D94E-80D8-4E2B-928F-2F7B7D001433}.Debug|Any CPU.Build.0 = Debug|Any CPU
		{59D7D94E-80D8-4E2B-928F-2F7B7D001433}.Release|Any CPU.ActiveCfg = Release|Any CPU
		{59D7D94E-80D8-4E2B-928F-2F7B7D001433}.Release|Any CPU.Build.0 = Release|Any CPU
		{84894F1B-C062-48D1-A450-0075C3687F71}.Debug|Any CPU.ActiveCfg = Debug|Any CPU
		{84894F1B-C062-48D1-A450-0075C3687F71}.Debug|Any CPU.Build.0 = Debug|Any CPU
		{84894F1B-C062-48D1-A450-0075C3687F71}.Release|Any CPU.ActiveCfg = Release|Any CPU
		{84894F1B-C062-48D1-A450-0075C3687F71}.Release|Any CPU.Build.0 = Release|Any CPU
		{487263FA-83D4-4F18-823D-766107EFD5C9}.Debug|Any CPU.ActiveCfg = Debug|Any CPU
		{487263FA-83D4-4F18-823D-766107EFD5C9}.Debug|Any CPU.Build.0 = Debug|Any CPU
		{487263FA-83D4-4F18-823D-766107EFD5C9}.Release|Any CPU.ActiveCfg = Release|Any CPU
		{487263FA-83D4-4F18-823D-766107EFD5C9}.Release|Any CPU.Build.0 = Release|Any CPU
		{140AF704-6880-4322-9213-4AF6D2F0000E}.Debug|Any CPU.ActiveCfg = Debug|Any CPU
		{140AF704-6880-4322-9213-4AF6D2F0000E}.Debug|Any CPU.Build.0 = Debug|Any CPU
		{140AF704-6880-4322-9213-4AF6D2F0000E}.Release|Any CPU.ActiveCfg = Release|Any CPU
		{140AF704-6880-4322-9213-4AF6D2F0000E}.Release|Any CPU.Build.0 = Release|Any CPU
	EndGlobalSection
	GlobalSection(SolutionProperties) = preSolution
		HideSolutionNode = FALSE
	EndGlobalSection
	GlobalSection(ExtensibilityGlobals) = postSolution
		SolutionGuid = {6768BE17-A95D-4C56-A8E4-C157FFA2EB22}
	EndGlobalSection
EndGlobal
